
Microsoft Visual Studio Solution File, Format Version 12.00
# Visual Studio 15
VisualStudioVersion = 15.0.27130.2024
MinimumVisualStudioVersion = 10.0.40219.1
Project("{FAE04EC0-301F-11D3-BF4B-00C04F79EFBC}") = "TestPlugins", "TestPlugins\TestPlugins.csproj", "{C35B9C94-3AEC-4F11-9C19-E95B07D86318}"
EndProject
Global
	GlobalSection(SolutionConfigurationPlatforms) = preSolution
		Debug|Any CPU = Debug|Any CPU
		Release|Any CPU = Release|Any CPU
	EndGlobalSection
	GlobalSection(ProjectConfigurationPlatforms) = postSolution
		{C35B9C94-3AEC-4F11-9C19-E95B07D86318}.Debug|Any CPU.ActiveCfg = Debug|Any CPU
		{C35B9C94-3AEC-4F11-9C19-E95B07D86318}.Debug|Any CPU.Build.0 = Debug|Any CPU
		{C35B9C94-3AEC-4F11-9C19-E95B07D86318}.Release|Any CPU.ActiveCfg = Release|Any CPU
		{C35B9C94-3AEC-4F11-9C19-E95B07D86318}.Release|Any CPU.Build.0 = Release|Any CPU
	EndGlobalSection
	GlobalSection(SolutionProperties) = preSolution
		HideSolutionNode = FALSE
	EndGlobalSection
	GlobalSection(ExtensibilityGlobals) = postSolution
		SolutionGuid = {6A65D5F8-FEC8-470B-B26B-E4D456E349BD}
	EndGlobalSection
EndGlobal
